
Microsoft Visual Studio Solution File, Format Version 11.00
# Visual Studio 2010
Project("{FAE04EC0-301F-11D3-BF4B-00C04F79EFBC}") = "HotelDir", "HotelDir\HotelDir.csproj", "{C3C1F39E-F080-4C97-9468-8C7ACD7D3094}"
EndProject
Project("{FAE04EC0-301F-11D3-BF4B-00C04F79EFBC}") = "HotelDir.Tests", "HotelDir.Tests\HotelDir.Tests.csproj", "{2576BDDD-CDFF-4342-92F6-7144F303EEC1}"
EndProject
Global
	GlobalSection(SolutionConfigurationPlatforms) = preSolution
		Debug|Any CPU = Debug|Any CPU
		Release|Any CPU = Release|Any CPU
	EndGlobalSection
	GlobalSection(ProjectConfigurationPlatforms) = postSolution
		{C3C1F39E-F080-4C97-9468-8C7ACD7D3094}.Debug|Any CPU.ActiveCfg = Debug|Any CPU
		{C3C1F39E-F080-4C97-9468-8C7ACD7D3094}.Debug|Any CPU.Build.0 = Debug|Any CPU
		{C3C1F39E-F080-4C97-9468-8C7ACD7D3094}.Release|Any CPU.ActiveCfg = Release|Any CPU
		{C3C1F39E-F080-4C97-9468-8C7ACD7D3094}.Release|Any CPU.Build.0 = Release|Any CPU
		{2576BDDD-CDFF-4342-92F6-7144F303EEC1}.Debug|Any CPU.ActiveCfg = Debug|Any CPU
		{2576BDDD-CDFF-4342-92F6-7144F303EEC1}.Debug|Any CPU.Build.0 = Debug|Any CPU
		{2576BDDD-CDFF-4342-92F6-7144F303EEC1}.Release|Any CPU.ActiveCfg = Release|Any CPU
		{2576BDDD-CDFF-4342-92F6-7144F303EEC1}.Release|Any CPU.Build.0 = Release|Any CPU
	EndGlobalSection
	GlobalSection(SolutionProperties) = preSolution
		HideSolutionNode = FALSE
	EndGlobalSection
EndGlobal
